Microsoft Visual Studio Solution File, Format Version 12.00
# Visual Studio 2012
Project("{FAE04EC0-301F-11D3-BF4B-00C04F79EFBC}") = "alcatreize-examples", "alcatreize-examples.csproj", "{03A52B52-C321-453B-820D-88041308006E}"
EndProject
Global
	GlobalSection(SolutionConfigurationPlatforms) = preSolution
	Debug|Any CPU = Debug|Any CPU
	ExportDebug|Any CPU = ExportDebug|Any CPU
	ExportRelease|Any CPU = ExportRelease|Any CPU
	EndGlobalSection
	GlobalSection(ProjectConfigurationPlatforms) = postSolution
		{03A52B52-C321-453B-820D-88041308006E}.Debug|Any CPU.ActiveCfg = Debug|Any CPU
		{03A52B52-C321-453B-820D-88041308006E}.Debug|Any CPU.Build.0 = Debug|Any CPU
		{03A52B52-C321-453B-820D-88041308006E}.ExportDebug|Any CPU.ActiveCfg = ExportDebug|Any CPU
		{03A52B52-C321-453B-820D-88041308006E}.ExportDebug|Any CPU.Build.0 = ExportDebug|Any CPU
		{03A52B52-C321-453B-820D-88041308006E}.ExportRelease|Any CPU.ActiveCfg = ExportRelease|Any CPU
		{03A52B52-C321-453B-820D-88041308006E}.ExportRelease|Any CPU.Build.0 = ExportRelease|Any CPU
	EndGlobalSection
EndGlobal
